
Microsoft Visual Studio Solution File, Format Version 12.00
# 
Project("{FAE04EC0-301F-11D3-BF4B-00C04F79EFBC}") = "Project", "Project.csproj", "{E5902FBC-C3C7-4DE7-B6BB-0B6FE4387631}"
EndProject
Project("{FAE04EC0-301F-11D3-BF4B-00C04F79EFBC}") = "Worker.Tests", "Worker.Tests\Worker.Tests.csproj", "{92335ECE-4647-49AC-9F81-8E428D814783}"
EndProject
Global
	GlobalSection(SolutionConfigurationPlatforms) = preSolution
		Debug|Any CPU = Debug|Any CPU
		Release|Any CPU = Release|Any CPU
	EndGlobalSection
	GlobalSection(ProjectConfigurationPlatforms) = postSolution
		{E5902FBC-C3C7-4DE7-B6BB-0B6FE4387631}.Debug|Any CPU.ActiveCfg = Debug|Any CPU
		{E5902FBC-C3C7-4DE7-B6BB-0B6FE4387631}.Debug|Any CPU.Build.0 = Debug|Any CPU
		{E5902FBC-C3C7-4DE7-B6BB-0B6FE4387631}.Release|Any CPU.ActiveCfg = Release|Any CPU
		{E5902FBC-C3C7-4DE7-B6BB-0B6FE4387631}.Release|Any CPU.Build.0 = Release|Any CPU
		{92335ECE-4647-49AC-9F81-8E428D814783}.Debug|Any CPU.ActiveCfg = Debug|Any CPU
		{92335ECE-4647-49AC-9F81-8E428D814783}.Debug|Any CPU.Build.0 = Debug|Any CPU
		{92335ECE-4647-49AC-9F81-8E428D814783}.Release|Any CPU.ActiveCfg = Release|Any CPU
		{92335ECE-4647-49AC-9F81-8E428D814783}.Release|Any CPU.Build.0 = Release|Any CPU
	EndGlobalSection
EndGlobal
